
Microsoft Visual Studio Solution File, Format Version 11.00
# Visual Studio 2010
Project("{FAE04EC0-301F-11D3-BF4B-00C04F79EFBC}") = "Twilio", "src\Twilio.csproj", "{894FF9E8-4DBF-4472-8AE2-1A6A988E105B}"
EndProject
Project("{FAE04EC0-301F-11D3-BF4B-00C04F79EFBC}") = "Twilio.Silverlight", "Twilio.Silverlight\Twilio.Silverlight.csproj", "{08218C33-9EE0-4B7B-874B-83CCEB8FE4DD}"
EndProject
Project("{FAE04EC0-301F-11D3-BF4B-00C04F79EFBC}") = "Twilio.WindowsPhone", "Twilio.WindowsPhone\Twilio.WindowsPhone.csproj", "{21E25E45-A334-4178-BD5C-5B875A2911FD}"
EndProject
Global
	GlobalSection(SolutionConfigurationPlatforms) = preSolution
		Debug|Any CPU = Debug|Any CPU
		Debug|Mixed Platforms = Debug|Mixed Platforms
		Debug|x86 = Debug|x86
		Release|Any CPU = Release|Any CPU
		Release|Mixed Platforms = Release|Mixed Platforms
		Release|x86 = Release|x86
	EndGlobalSection
	GlobalSection(ProjectConfigurationPlatforms) = postSolution
		{894FF9E8-4DBF-4472-8AE2-1A6A988E105B}.Debug|Any CPU.ActiveCfg = Debug|Any CPU
		{894FF9E8-4DBF-4472-8AE2-1A6A988E105B}.Debug|Any CPU.Build.0 = Debug|Any CPU
		{894FF9E8-4DBF-4472-8AE2-1A6A988E105B}.Debug|Mixed Platforms.ActiveCfg = Debug|Any CPU
		{894FF9E8-4DBF-4472-8AE2-1A6A988E105B}.Debug|Mixed Platforms.Build.0 = Debug|Any CPU
		{894FF9E8-4DBF-4472-8AE2-1A6A988E105B}.Debug|x86.ActiveCfg = Debug|Any CPU
		{894FF9E8-4DBF-4472-8AE2-1A6A988E105B}.Release|Any CPU.ActiveCfg = Release|Any CPU
		{894FF9E8-4DBF-4472-8AE2-1A6A988E105B}.Release|Any CPU.Build.0 = Release|Any CPU
		{894FF9E8-4DBF-4472-8AE2-1A6A988E105B}.Release|Mixed Platforms.ActiveCfg = Release|Any CPU
		{894FF9E8-4DBF-4472-8AE2-1A6A988E105B}.Release|Mixed Platforms.Build.0 = Release|Any CPU
		{894FF9E8-4DBF-4472-8AE2-1A6A988E105B}.Release|x86.ActiveCfg = Release|Any CPU
		{08218C33-9EE0-4B7B-874B-83CCEB8FE4DD}.Debug|Any CPU.ActiveCfg = Debug|Any CPU
		{08218C33-9EE0-4B7B-874B-83CCEB8FE4DD}.Debug|Any CPU.Build.0 = Debug|Any CPU
		{08218C33-9EE0-4B7B-874B-83CCEB8FE4DD}.Debug|Mixed Platforms.ActiveCfg = Debug|Any CPU
		{08218C33-9EE0-4B7B-874B-83CCEB8FE4DD}.Debug|Mixed Platforms.Build.0 = Debug|Any CPU
		{08218C33-9EE0-4B7B-874B-83CCEB8FE4DD}.Debug|x86.ActiveCfg = Debug|Any CPU
		{08218C33-9EE0-4B7B-874B-83CCEB8FE4DD}.Release|Any CPU.ActiveCfg = Release|Any CPU
		{08218C33-9EE0-4B7B-874B-83CCEB8FE4DD}.Release|Any CPU.Build.0 = Release|Any CPU
		{08218C33-9EE0-4B7B-874B-83CCEB8FE4DD}.Release|Mixed Platforms.ActiveCfg = Release|Any CPU
		{08218C33-9EE0-4B7B-874B-83CCEB8FE4DD}.Release|Mixed Platforms.Build.0 = Release|Any CPU
		{08218C33-9EE0-4B7B-874B-83CCEB8FE4DD}.Release|x86.ActiveCfg = Release|Any CPU
		{21E25E45-A334-4178-BD5C-5B875A2911FD}.Debug|Any CPU.ActiveCfg = Debug|Any CPU
		{21E25E45-A334-4178-BD5C-5B875A2911FD}.Debug|Any CPU.Build.0 = Debug|Any CPU
		{21E25E45-A334-4178-BD5C-5B875A2911FD}.Debug|Mixed Platforms.ActiveCfg = Debug|Any CPU
		{21E25E45-A334-4178-BD5C-5B875A2911FD}.Debug|Mixed Platforms.Build.0 = Debug|Any CPU
		{21E25E45-A334-4178-BD5C-5B875A2911FD}.Debug|x86.ActiveCfg = Debug|Any CPU
		{21E25E45-A334-4178-BD5C-5B875A2911FD}.Release|Any CPU.ActiveCfg = Release|Any CPU
		{21E25E45-A334-4178-BD5C-5B875A2911FD}.Release|Any CPU.Build.0 = Release|Any CPU
		{21E25E45-A334-4178-BD5C-5B875A2911FD}.Release|Mixed Platforms.ActiveCfg = Release|Any CPU
		{21E25E45-A334-4178-BD5C-5B875A2911FD}.Release|Mixed Platforms.Build.0 = Release|Any CPU
		{21E25E45-A334-4178-BD5C-5B875A2911FD}.Release|x86.ActiveCfg = Release|Any CPU
	EndGlobalSection
	GlobalSection(SolutionProperties) = preSolution
		HideSolutionNode = FALSE
	EndGlobalSection
EndGlobal
